
Microsoft Visual Studio Solution File, Format Version 12.00
# Visual Studio Version 16
VisualStudioVersion = 16.0.31410.357
MinimumVisualStudioVersion = 10.0.40219.1
Project("{8BC9CEB8-8B4A-11D0-8D11-00A0C91BC942}") = "ДЗ. Дин. мас. 26", "ДЗ. Дин. мас. 26\ДЗ. Дин. мас. 26.vcxproj", "{A5E25CF2-C7FD-4CE1-965C-5206ECCE1EBE}"
EndProject
Project("{8BC9CEB8-8B4A-11D0-8D11-00A0C91BC942}") = "Project1", "Project1\Project1.vcxproj", "{F39687DE-E176-46FE-B9EF-AC5553BDB1EB}"
EndProject
Project("{8BC9CEB8-8B4A-11D0-8D11-00A0C91BC942}") = "Project2", "Project2\Project2.vcxproj", "{C14F4563-4D60-4F6A-8B49-917378AAAD54}"
EndProject
Global
	GlobalSection(SolutionConfigurationPlatforms) = preSolution
		Debug|x64 = Debug|x64
		Debug|x86 = Debug|x86
		Release|x64 = Release|x64
		Release|x86 = Release|x86
	EndGlobalSection
	GlobalSection(ProjectConfigurationPlatforms) = postSolution
		{A5E25CF2-C7FD-4CE1-965C-5206ECCE1EBE}.Debug|x64.ActiveCfg = Debug|x64
		{A5E25CF2-C7FD-4CE1-965C-5206ECCE1EBE}.Debug|x64.Build.0 = Debug|x64
		{A5E25CF2-C7FD-4CE1-965C-5206ECCE1EBE}.Debug|x86.ActiveCfg = Debug|Win32
		{A5E25CF2-C7FD-4CE1-965C-5206ECCE1EBE}.Debug|x86.Build.0 = Debug|Win32
		{A5E25CF2-C7FD-4CE1-965C-5206ECCE1EBE}.Release|x64.ActiveCfg = Release|x64
		{A5E25CF2-C7FD-4CE1-965C-5206ECCE1EBE}.Release|x64.Build.0 = Release|x64
		{A5E25CF2-C7FD-4CE1-965C-5206ECCE1EBE}.Release|x86.ActiveCfg = Release|Win32
		{A5E25CF2-C7FD-4CE1-965C-5206ECCE1EBE}.Release|x86.Build.0 = Release|Win32
		{F39687DE-E176-46FE-B9EF-AC5553BDB1EB}.Debug|x64.ActiveCfg = Debug|x64
		{F39687DE-E176-46FE-B9EF-AC5553BDB1EB}.Debug|x64.Build.0 = Debug|x64
		{F39687DE-E176-46FE-B9EF-AC5553BDB1EB}.Debug|x86.ActiveCfg = Debug|Win32
		{F39687DE-E176-46FE-B9EF-AC5553BDB1EB}.Debug|x86.Build.0 = Debug|Win32
		{F39687DE-E176-46FE-B9EF-AC5553BDB1EB}.Release|x64.ActiveCfg = Release|x64
		{F39687DE-E176-46FE-B9EF-AC5553BDB1EB}.Release|x64.Build.0 = Release|x64
		{F39687DE-E176-46FE-B9EF-AC5553BDB1EB}.Release|x86.ActiveCfg = Release|Win32
		{F39687DE-E176-46FE-B9EF-AC5553BDB1EB}.Release|x86.Build.0 = Release|Win32
		{C14F4563-4D60-4F6A-8B49-917378AAAD54}.Debug|x64.ActiveCfg = Debug|x64
		{C14F4563-4D60-4F6A-8B49-917378AAAD54}.Debug|x64.Build.0 = Debug|x64
		{C14F4563-4D60-4F6A-8B49-917378AAAD54}.Debug|x86.ActiveCfg = Debug|Win32
		{C14F4563-4D60-4F6A-8B49-917378AAAD54}.Debug|x86.Build.0 = Debug|Win32
		{C14F4563-4D60-4F6A-8B49-917378AAAD54}.Release|x64.ActiveCfg = Release|x64
		{C14F4563-4D60-4F6A-8B49-917378AAAD54}.Release|x64.Build.0 = Release|x64
		{C14F4563-4D60-4F6A-8B49-917378AAAD54}.Release|x86.ActiveCfg = Release|Win32
		{C14F4563-4D60-4F6A-8B49-917378AAAD54}.Release|x86.Build.0 = Release|Win32
	EndGlobalSection
	GlobalSection(SolutionProperties) = preSolution
		HideSolutionNode = FALSE
	EndGlobalSection
	GlobalSection(ExtensibilityGlobals) = postSolution
		SolutionGuid = {FE21117F-ACD3-4F1A-834A-B8F50F660215}
	EndGlobalSection
EndGlobal
